{
  "name": "project",
  "version": "1.0.0",
  "lockfileVersion": 1,
  "requires": true,
  "dependencies": {
    "bootstrap": {
      "version": "5.0.0-beta1",
      "resolved": "https://registry.npmjs.org/bootstrap/-/bootstrap-5.0.0-beta1.tgz",
      "integrity": "sha512-UrHApw/WRmT7l2rlDdn5iXr7Jps/LlMZtJlLn9G41aGDfss48hyDeYyHtX1C6NHKVcmdUarGG+ve0LZB5iHyTQ=="
    },
    "vue-loading-overlay": {
      "version": "4.0.3",
      "resolved": "https://registry.npmjs.org/vue-loading-overlay/-/vue-loading-overlay-4.0.3.tgz",
      "integrity": "sha512-pRkA48OJ4VxnswKZiz+TDFCbFiBOl0+M+TCjK0iWZi+xQaOCaOhWDyrWoezlIzHjnZwg6mwOCg+YiuRWZTGrQA=="
    }
  }
}
